
Microsoft Visual Studio Solution File, Format Version 12.00
# Visual Studio Version 16
VisualStudioVersion = 16.0.32228.343
MinimumVisualStudioVersion = 10.0.40219.1
Project("{FAE04EC0-301F-11D3-BF4B-00C04F79EFBC}") = "TestGitHub", "TestGitHub.csproj", "{3D60542E-19F5-4D74-8A8D-571A1F7AAAB7}"
EndProject
Global
	GlobalSection(SolutionConfigurationPlatforms) = preSolution
		Debug|Any CPU = Debug|Any CPU
		Release|Any CPU = Release|Any CPU
	EndGlobalSection
	GlobalSection(ProjectConfigurationPlatforms) = postSolution
		{3D60542E-19F5-4D74-8A8D-571A1F7AAAB7}.Debug|Any CPU.ActiveCfg = Debug|Any CPU
		{3D60542E-19F5-4D74-8A8D-571A1F7AAAB7}.Debug|Any CPU.Build.0 = Debug|Any CPU
		{3D60542E-19F5-4D74-8A8D-571A1F7AAAB7}.Release|Any CPU.ActiveCfg = Release|Any CPU
		{3D60542E-19F5-4D74-8A8D-571A1F7AAAB7}.Release|Any CPU.Build.0 = Release|Any CPU
	EndGlobalSection
	GlobalSection(SolutionProperties) = preSolution
		HideSolutionNode = FALSE
	EndGlobalSection
	GlobalSection(ExtensibilityGlobals) = postSolution
		SolutionGuid = {AD9AB988-0198-48D6-80C4-6D8EFF810676}
	EndGlobalSection
EndGlobal
